
Microsoft Visual Studio Solution File, Format Version 12.00
# Visual Studio Version 17
VisualStudioVersion = 17.1.32210.238
MinimumVisualStudioVersion = 10.0.40219.1
Project("{FAE04EC0-301F-11D3-BF4B-00C04F79EFBC}") = "AirlineReservation", "AirlineReservation\AirlineReservation.csproj", "{D4B2FEB4-45A8-4EC5-A7D9-698F2654E246}"
EndProject
Global
	GlobalSection(SolutionConfigurationPlatforms) = preSolution
		Debug|Any CPU = Debug|Any CPU
		Release|Any CPU = Release|Any CPU
	EndGlobalSection
	GlobalSection(ProjectConfigurationPlatforms) = postSolution
		{D4B2FEB4-45A8-4EC5-A7D9-698F2654E246}.Debug|Any CPU.ActiveCfg = Debug|Any CPU
		{D4B2FEB4-45A8-4EC5-A7D9-698F2654E246}.Debug|Any CPU.Build.0 = Debug|Any CPU
		{D4B2FEB4-45A8-4EC5-A7D9-698F2654E246}.Release|Any CPU.ActiveCfg = Release|Any CPU
		{D4B2FEB4-45A8-4EC5-A7D9-698F2654E246}.Release|Any CPU.Build.0 = Release|Any CPU
	EndGlobalSection
	GlobalSection(SolutionProperties) = preSolution
		HideSolutionNode = FALSE
	EndGlobalSection
	GlobalSection(ExtensibilityGlobals) = postSolution
		SolutionGuid = {F9553379-77FD-4C16-9E4A-C98C67745F4E}
	EndGlobalSection
EndGlobal
